
Microsoft Visual Studio Solution File, Format Version 12.00
# Visual Studio Version 17
VisualStudioVersion = 17.11.35222.181
MinimumVisualStudioVersion = 10.0.40219.1
Project("{9A19103F-16F7-4668-BE54-9A1E7A4F7556}") = "APIDrivingProject", "APIDrivingProject\APIDrivingProject.csproj", "{28D2DDE3-2A6F-4FD9-92E4-F512173BEDAA}"
EndProject
Project("{9A19103F-16F7-4668-BE54-9A1E7A4F7556}") = "BlazorDriveApp", "BlazorDriveApp\BlazorDriveApp.csproj", "{C9BC1B45-0A11-4D65-97D7-8217EA590022}"
EndProject
Project("{9A19103F-16F7-4668-BE54-9A1E7A4F7556}") = "DrivingClassLibrary", "DrivingClassLibrary\DrivingClassLibrary.csproj", "{221A761E-4F7A-4E21-82A5-222ADCD86AEC}"
EndProject
Global
	GlobalSection(SolutionConfigurationPlatforms) = preSolution
		Debug|Any CPU = Debug|Any CPU
		Release|Any CPU = Release|Any CPU
	EndGlobalSection
	GlobalSection(ProjectConfigurationPlatforms) = postSolution
		{28D2DDE3-2A6F-4FD9-92E4-F512173BEDAA}.Debug|Any CPU.ActiveCfg = Debug|Any CPU
		{28D2DDE3-2A6F-4FD9-92E4-F512173BEDAA}.Debug|Any CPU.Build.0 = Debug|Any CPU
		{28D2DDE3-2A6F-4FD9-92E4-F512173BEDAA}.Release|Any CPU.ActiveCfg = Release|Any CPU
		{28D2DDE3-2A6F-4FD9-92E4-F512173BEDAA}.Release|Any CPU.Build.0 = Release|Any CPU
		{C9BC1B45-0A11-4D65-97D7-8217EA590022}.Debug|Any CPU.ActiveCfg = Debug|Any CPU
		{C9BC1B45-0A11-4D65-97D7-8217EA590022}.Debug|Any CPU.Build.0 = Debug|Any CPU
		{C9BC1B45-0A11-4D65-97D7-8217EA590022}.Release|Any CPU.ActiveCfg = Release|Any CPU
		{C9BC1B45-0A11-4D65-97D7-8217EA590022}.Release|Any CPU.Build.0 = Release|Any CPU
		{221A761E-4F7A-4E21-82A5-222ADCD86AEC}.Debug|Any CPU.ActiveCfg = Debug|Any CPU
		{221A761E-4F7A-4E21-82A5-222ADCD86AEC}.Debug|Any CPU.Build.0 = Debug|Any CPU
		{221A761E-4F7A-4E21-82A5-222ADCD86AEC}.Release|Any CPU.ActiveCfg = Release|Any CPU
		{221A761E-4F7A-4E21-82A5-222ADCD86AEC}.Release|Any CPU.Build.0 = Release|Any CPU
	EndGlobalSection
	GlobalSection(SolutionProperties) = preSolution
		HideSolutionNode = FALSE
	EndGlobalSection
	GlobalSection(ExtensibilityGlobals) = postSolution
		SolutionGuid = {AEB2AD9D-1966-40F9-B621-A1B9E22F6E35}
	EndGlobalSection
EndGlobal
